
Microsoft Visual Studio Solution File, Format Version 12.00
# Visual Studio 15
VisualStudioVersion = 15.0.28307.960
MinimumVisualStudioVersion = 10.0.40219.1
Project("{FAE04EC0-301F-11D3-BF4B-00C04F79EFBC}") = "EmployeeTest", "EmployeeTest\EmployeeTest.csproj", "{EEEB0A94-C468-401B-93EE-D8CEF425D43F}"
EndProject
Project("{FAE04EC0-301F-11D3-BF4B-00C04F79EFBC}") = "EmployeeTest.Tests", "EmployeeTest.Tests\EmployeeTest.Tests.csproj", "{35619978-E7E2-4343-BB62-43B069D14F8D}"
EndProject
Global
	GlobalSection(SolutionConfigurationPlatforms) = preSolution
		Debug|Any CPU = Debug|Any CPU
		Release|Any CPU = Release|Any CPU
	EndGlobalSection
	GlobalSection(ProjectConfigurationPlatforms) = postSolution
		{EEEB0A94-C468-401B-93EE-D8CEF425D43F}.Debug|Any CPU.ActiveCfg = Debug|Any CPU
		{EEEB0A94-C468-401B-93EE-D8CEF425D43F}.Debug|Any CPU.Build.0 = Debug|Any CPU
		{EEEB0A94-C468-401B-93EE-D8CEF425D43F}.Release|Any CPU.ActiveCfg = Release|Any CPU
		{EEEB0A94-C468-401B-93EE-D8CEF425D43F}.Release|Any CPU.Build.0 = Release|Any CPU
		{35619978-E7E2-4343-BB62-43B069D14F8D}.Debug|Any CPU.ActiveCfg = Debug|Any CPU
		{35619978-E7E2-4343-BB62-43B069D14F8D}.Debug|Any CPU.Build.0 = Debug|Any CPU
		{35619978-E7E2-4343-BB62-43B069D14F8D}.Release|Any CPU.ActiveCfg = Release|Any CPU
		{35619978-E7E2-4343-BB62-43B069D14F8D}.Release|Any CPU.Build.0 = Release|Any CPU
	EndGlobalSection
	GlobalSection(SolutionProperties) = preSolution
		HideSolutionNode = FALSE
	EndGlobalSection
	GlobalSection(ExtensibilityGlobals) = postSolution
		SolutionGuid = {33FD3C2A-7AD1-4E83-A86D-B8668D61974B}
	EndGlobalSection
EndGlobal
